
Microsoft Visual Studio Solution File, Format Version 12.00
# Visual Studio Version 17
VisualStudioVersion = 17.0.31903.59
MinimumVisualStudioVersion = 10.0.40219.1
Project("{2150E333-8FDC-42A3-9474-1A3956D46DE8}") = "src", "src", "{827E0CD3-B72D-47B6-A68D-7590B98EB39B}"
EndProject
Project("{2150E333-8FDC-42A3-9474-1A3956D46DE8}") = "UserService", "UserService", "{CB753486-031C-08A7-C788-4C8CBC49DED1}"
EndProject
Project("{FAE04EC0-301F-11D3-BF4B-00C04F79EFBC}") = "UserService.API", "src\UserService\UserService.API\UserService.API.csproj", "{2C8C9251-91C8-4339-9C66-9642A2905CFF}"
EndProject
Project("{2150E333-8FDC-42A3-9474-1A3956D46DE8}") = "ProductService", "ProductService", "{F34E43FA-627A-8966-7BCB-0DBE3D5440B1}"
EndProject
Project("{FAE04EC0-301F-11D3-BF4B-00C04F79EFBC}") = "ProductService.API", "src\ProductService\ProductService.API\ProductService.API.csproj", "{B7D28EB2-8C21-45A2-A71A-3EC1A74E5960}"
EndProject
Project("{2150E333-8FDC-42A3-9474-1A3956D46DE8}") = "OrderService", "OrderService", "{D5064FC8-1F49-54B6-E1C8-B23A6140528A}"
EndProject
Project("{FAE04EC0-301F-11D3-BF4B-00C04F79EFBC}") = "OrderService.API", "src\OrderService\OrderService.API\OrderService.API.csproj", "{F20C60A3-AB68-4A5F-AE65-08556F9EB30B}"
EndProject
Project("{2150E333-8FDC-42A3-9474-1A3956D46DE8}") = "ApiGateway", "ApiGateway", "{FCA01246-F2C6-0AA7-D43F-FD13BE0B9D88}"
EndProject
Project("{FAE04EC0-301F-11D3-BF4B-00C04F79EFBC}") = "ApiGateway", "src\ApiGateway\ApiGateway\ApiGateway.csproj", "{89C8E249-F147-4FCA-8BD6-77FB4E4E9904}"
EndProject
Project("{2150E333-8FDC-42A3-9474-1A3956D46DE8}") = "Shared", "Shared", "{C8E42992-5E42-0C2B-DBFE-AA848D06431C}"
EndProject
Project("{FAE04EC0-301F-11D3-BF4B-00C04F79EFBC}") = "Shared.Models", "src\Shared\Shared.Models\Shared.Models.csproj", "{EA8E87E0-6201-426F-98F0-C0C4437D2D38}"
EndProject
Global
	GlobalSection(SolutionConfigurationPlatforms) = preSolution
		Debug|Any CPU = Debug|Any CPU
		Debug|x64 = Debug|x64
		Debug|x86 = Debug|x86
		Release|Any CPU = Release|Any CPU
		Release|x64 = Release|x64
		Release|x86 = Release|x86
	EndGlobalSection
	GlobalSection(ProjectConfigurationPlatforms) = postSolution
		{2C8C9251-91C8-4339-9C66-9642A2905CFF}.Debug|Any CPU.ActiveCfg = Debug|Any CPU
		{2C8C9251-91C8-4339-9C66-9642A2905CFF}.Debug|Any CPU.Build.0 = Debug|Any CPU
		{2C8C9251-91C8-4339-9C66-9642A2905CFF}.Debug|x64.ActiveCfg = Debug|Any CPU
		{2C8C9251-91C8-4339-9C66-9642A2905CFF}.Debug|x64.Build.0 = Debug|Any CPU
		{2C8C9251-91C8-4339-9C66-9642A2905CFF}.Debug|x86.ActiveCfg = Debug|Any CPU
		{2C8C9251-91C8-4339-9C66-9642A2905CFF}.Debug|x86.Build.0 = Debug|Any CPU
		{2C8C9251-91C8-4339-9C66-9642A2905CFF}.Release|Any CPU.ActiveCfg = Release|Any CPU
		{2C8C9251-91C8-4339-9C66-9642A2905CFF}.Release|Any CPU.Build.0 = Release|Any CPU
		{2C8C9251-91C8-4339-9C66-9642A2905CFF}.Release|x64.ActiveCfg = Release|Any CPU
		{2C8C9251-91C8-4339-9C66-9642A2905CFF}.Release|x64.Build.0 = Release|Any CPU
		{2C8C9251-91C8-4339-9C66-9642A2905CFF}.Release|x86.ActiveCfg = Release|Any CPU
		{2C8C9251-91C8-4339-9C66-9642A2905CFF}.Release|x86.Build.0 = Release|Any CPU
		{B7D28EB2-8C21-45A2-A71A-3EC1A74E5960}.Debug|Any CPU.ActiveCfg = Debug|Any CPU
		{B7D28EB2-8C21-45A2-A71A-3EC1A74E5960}.Debug|Any CPU.Build.0 = Debug|Any CPU
		{B7D28EB2-8C21-45A2-A71A-3EC1A74E5960}.Debug|x64.ActiveCfg = Debug|Any CPU
		{B7D28EB2-8C21-45A2-A71A-3EC1A74E5960}.Debug|x64.Build.0 = Debug|Any CPU
		{B7D28EB2-8C21-45A2-A71A-3EC1A74E5960}.Debug|x86.ActiveCfg = Debug|Any CPU
		{B7D28EB2-8C21-45A2-A71A-3EC1A74E5960}.Debug|x86.Build.0 = Debug|Any CPU
		{B7D28EB2-8C21-45A2-A71A-3EC1A74E5960}.Release|Any CPU.ActiveCfg = Release|Any CPU
		{B7D28EB2-8C21-45A2-A71A-3EC1A74E5960}.Release|Any CPU.Build.0 = Release|Any CPU
		{B7D28EB2-8C21-45A2-A71A-3EC1A74E5960}.Release|x64.ActiveCfg = Release|Any CPU
		{B7D28EB2-8C21-45A2-A71A-3EC1A74E5960}.Release|x64.Build.0 = Release|Any CPU
		{B7D28EB2-8C21-45A2-A71A-3EC1A74E5960}.Release|x86.ActiveCfg = Release|Any CPU
		{B7D28EB2-8C21-45A2-A71A-3EC1A74E5960}.Release|x86.Build.0 = Release|Any CPU
		{F20C60A3-AB68-4A5F-AE65-08556F9EB30B}.Debug|Any CPU.ActiveCfg = Debug|Any CPU
		{F20C60A3-AB68-4A5F-AE65-08556F9EB30B}.Debug|Any CPU.Build.0 = Debug|Any CPU
		{F20C60A3-AB68-4A5F-AE65-08556F9EB30B}.Debug|x64.ActiveCfg = Debug|Any CPU
		{F20C60A3-AB68-4A5F-AE65-08556F9EB30B}.Debug|x64.Build.0 = Debug|Any CPU
		{F20C60A3-AB68-4A5F-AE65-08556F9EB30B}.Debug|x86.ActiveCfg = Debug|Any CPU
		{F20C60A3-AB68-4A5F-AE65-08556F9EB30B}.Debug|x86.Build.0 = Debug|Any CPU
		{F20C60A3-AB68-4A5F-AE65-08556F9EB30B}.Release|Any CPU.ActiveCfg = Release|Any CPU
		{F20C60A3-AB68-4A5F-AE65-08556F9EB30B}.Release|Any CPU.Build.0 = Release|Any CPU
		{F20C60A3-AB68-4A5F-AE65-08556F9EB30B}.Release|x64.ActiveCfg = Release|Any CPU
		{F20C60A3-AB68-4A5F-AE65-08556F9EB30B}.Release|x64.Build.0 = Release|Any CPU
		{F20C60A3-AB68-4A5F-AE65-08556F9EB30B}.Release|x86.ActiveCfg = Release|Any CPU
		{F20C60A3-AB68-4A5F-AE65-08556F9EB30B}.Release|x86.Build.0 = Release|Any CPU
		{89C8E249-F147-4FCA-8BD6-77FB4E4E9904}.Debug|Any CPU.ActiveCfg = Debug|Any CPU
		{89C8E249-F147-4FCA-8BD6-77FB4E4E9904}.Debug|Any CPU.Build.0 = Debug|Any CPU
		{89C8E249-F147-4FCA-8BD6-77FB4E4E9904}.Debug|x64.ActiveCfg = Debug|Any CPU
		{89C8E249-F147-4FCA-8BD6-77FB4E4E9904}.Debug|x64.Build.0 = Debug|Any CPU
		{89C8E249-F147-4FCA-8BD6-77FB4E4E9904}.Debug|x86.ActiveCfg = Debug|Any CPU
		{89C8E249-F147-4FCA-8BD6-77FB4E4E9904}.Debug|x86.Build.0 = Debug|Any CPU
		{89C8E249-F147-4FCA-8BD6-77FB4E4E9904}.Release|Any CPU.ActiveCfg = Release|Any CPU
		{89C8E249-F147-4FCA-8BD6-77FB4E4E9904}.Release|Any CPU.Build.0 = Release|Any CPU
		{89C8E249-F147-4FCA-8BD6-77FB4E4E9904}.Release|x64.ActiveCfg = Release|Any CPU
		{89C8E249-F147-4FCA-8BD6-77FB4E4E9904}.Release|x64.Build.0 = Release|Any CPU
		{89C8E249-F147-4FCA-8BD6-77FB4E4E9904}.Release|x86.ActiveCfg = Release|Any CPU
		{89C8E249-F147-4FCA-8BD6-77FB4E4E9904}.Release|x86.Build.0 = Release|Any CPU
		{EA8E87E0-6201-426F-98F0-C0C4437D2D38}.Debug|Any CPU.ActiveCfg = Debug|Any CPU
		{EA8E87E0-6201-426F-98F0-C0C4437D2D38}.Debug|Any CPU.Build.0 = Debug|Any CPU
		{EA8E87E0-6201-426F-98F0-C0C4437D2D38}.Debug|x64.ActiveCfg = Debug|Any CPU
		{EA8E87E0-6201-426F-98F0-C0C4437D2D38}.Debug|x64.Build.0 = Debug|Any CPU
		{EA8E87E0-6201-426F-98F0-C0C4437D2D38}.Debug|x86.ActiveCfg = Debug|Any CPU
		{EA8E87E0-6201-426F-98F0-C0C4437D2D38}.Debug|x86.Build.0 = Debug|Any CPU
		{EA8E87E0-6201-426F-98F0-C0C4437D2D38}.Release|Any CPU.ActiveCfg = Release|Any CPU
		{EA8E87E0-6201-426F-98F0-C0C4437D2D38}.Release|Any CPU.Build.0 = Release|Any CPU
		{EA8E87E0-6201-426F-98F0-C0C4437D2D38}.Release|x64.ActiveCfg = Release|Any CPU
		{EA8E87E0-6201-426F-98F0-C0C4437D2D38}.Release|x64.Build.0 = Release|Any CPU
		{EA8E87E0-6201-426F-98F0-C0C4437D2D38}.Release|x86.ActiveCfg = Release|Any CPU
		{EA8E87E0-6201-426F-98F0-C0C4437D2D38}.Release|x86.Build.0 = Release|Any CPU
	EndGlobalSection
	GlobalSection(SolutionProperties) = preSolution
		HideSolutionNode = FALSE
	EndGlobalSection
	GlobalSection(NestedProjects) = preSolution
		{CB753486-031C-08A7-C788-4C8CBC49DED1} = {827E0CD3-B72D-47B6-A68D-7590B98EB39B}
		{2C8C9251-91C8-4339-9C66-9642A2905CFF} = {CB753486-031C-08A7-C788-4C8CBC49DED1}
		{F34E43FA-627A-8966-7BCB-0DBE3D5440B1} = {827E0CD3-B72D-47B6-A68D-7590B98EB39B}
		{B7D28EB2-8C21-45A2-A71A-3EC1A74E5960} = {F34E43FA-627A-8966-7BCB-0DBE3D5440B1}
		{D5064FC8-1F49-54B6-E1C8-B23A6140528A} = {827E0CD3-B72D-47B6-A68D-7590B98EB39B}
		{F20C60A3-AB68-4A5F-AE65-08556F9EB30B} = {D5064FC8-1F49-54B6-E1C8-B23A6140528A}
		{FCA01246-F2C6-0AA7-D43F-FD13BE0B9D88} = {827E0CD3-B72D-47B6-A68D-7590B98EB39B}
		{89C8E249-F147-4FCA-8BD6-77FB4E4E9904} = {FCA01246-F2C6-0AA7-D43F-FD13BE0B9D88}
		{C8E42992-5E42-0C2B-DBFE-AA848D06431C} = {827E0CD3-B72D-47B6-A68D-7590B98EB39B}
		{EA8E87E0-6201-426F-98F0-C0C4437D2D38} = {C8E42992-5E42-0C2B-DBFE-AA848D06431C}
	EndGlobalSection
EndGlobal
